
Microsoft Visual Studio Solution File, Format Version 12.00
# Visual Studio Version 16
VisualStudioVersion = 16.0.29025.244
MinimumVisualStudioVersion = 10.0.40219.1
Project("{FAE04EC0-301F-11D3-BF4B-00C04F79EFBC}") = "VAMLaunch", "VAMLaunch\VAMLaunch.csproj", "{9CB01EB1-928B-44A8-900C-5314E6489162}"
EndProject
Project("{FAE04EC0-301F-11D3-BF4B-00C04F79EFBC}") = "LaunchServer", "LaunchServer\LaunchServer.csproj", "{F1CF14E9-3EEC-4C5B-A266-B48714E99D34}"
EndProject
Project("{FAE04EC0-301F-11D3-BF4B-00C04F79EFBC}") = "VaMLaunchGUI", "VaMLaunchGUI\VaMLaunchGUI.csproj", "{194C0EAD-24F5-4D4C-9B8A-9D31916CF369}"
EndProject
Project("{FAE04EC0-301F-11D3-BF4B-00C04F79EFBC}") = "LaunchServerLib", "LaunchServerLib\LaunchServerLib.csproj", "{6102E47A-D846-4DE1-81B4-9489DA3B6BF0}"
EndProject
Global
	GlobalSection(SolutionConfigurationPlatforms) = preSolution
		Debug|Any CPU = Debug|Any CPU
		Release|Any CPU = Release|Any CPU
	EndGlobalSection
	GlobalSection(ProjectConfigurationPlatforms) = postSolution
		{9CB01EB1-928B-44A8-900C-5314E6489162}.Debug|Any CPU.ActiveCfg = Debug|Any CPU
		{9CB01EB1-928B-44A8-900C-5314E6489162}.Release|Any CPU.ActiveCfg = Release|Any CPU
		{F1CF14E9-3EEC-4C5B-A266-B48714E99D34}.Debug|Any CPU.ActiveCfg = Debug|Any CPU
		{F1CF14E9-3EEC-4C5B-A266-B48714E99D34}.Debug|Any CPU.Build.0 = Debug|Any CPU
		{F1CF14E9-3EEC-4C5B-A266-B48714E99D34}.Release|Any CPU.ActiveCfg = Release|Any CPU
		{F1CF14E9-3EEC-4C5B-A266-B48714E99D34}.Release|Any CPU.Build.0 = Release|Any CPU
		{194C0EAD-24F5-4D4C-9B8A-9D31916CF369}.Debug|Any CPU.ActiveCfg = Debug|Any CPU
		{194C0EAD-24F5-4D4C-9B8A-9D31916CF369}.Debug|Any CPU.Build.0 = Debug|Any CPU
		{194C0EAD-24F5-4D4C-9B8A-9D31916CF369}.Release|Any CPU.ActiveCfg = Release|Any CPU
		{194C0EAD-24F5-4D4C-9B8A-9D31916CF369}.Release|Any CPU.Build.0 = Release|Any CPU
		{6102E47A-D846-4DE1-81B4-9489DA3B6BF0}.Debug|Any CPU.ActiveCfg = Debug|Any CPU
		{6102E47A-D846-4DE1-81B4-9489DA3B6BF0}.Debug|Any CPU.Build.0 = Debug|Any CPU
		{6102E47A-D846-4DE1-81B4-9489DA3B6BF0}.Release|Any CPU.ActiveCfg = Release|Any CPU
		{6102E47A-D846-4DE1-81B4-9489DA3B6BF0}.Release|Any CPU.Build.0 = Release|Any CPU
	EndGlobalSection
	GlobalSection(SolutionProperties) = preSolution
		HideSolutionNode = FALSE
	EndGlobalSection
	GlobalSection(ExtensibilityGlobals) = postSolution
		SolutionGuid = {B70EAE3F-1CB8-4BB0-8628-EA8DB5F4309F}
	EndGlobalSection
EndGlobal
